
Microsoft Visual Studio Solution File, Format Version 12.00
# Visual Studio 14
VisualStudioVersion = 14.0.25420.1
MinimumVisualStudioVersion = 10.0.40219.1
Project("{F2A71F9B-5D33-465A-A702-920D77279786}") = "BootsAndCatsServer", "BootsAndCatsServer.fsproj", "{BFCC9BBE-1D5F-465D-A241-CBE2ACF51345}"
EndProject
Global
	GlobalSection(SolutionConfigurationPlatforms) = preSolution
		Debug|Any CPU = Debug|Any CPU
		Debug|x86 = Debug|x86
		Proto|Any CPU = Proto|Any CPU
		Proto|x86 = Proto|x86
		Release|Any CPU = Release|Any CPU
		Release|x86 = Release|x86
	EndGlobalSection
	GlobalSection(ProjectConfigurationPlatforms) = postSolution
		{BFCC9BBE-1D5F-465D-A241-CBE2ACF51345}.Debug|Any CPU.ActiveCfg = Debug|Any CPU
		{BFCC9BBE-1D5F-465D-A241-CBE2ACF51345}.Debug|Any CPU.Build.0 = Debug|Any CPU
		{BFCC9BBE-1D5F-465D-A241-CBE2ACF51345}.Debug|x86.ActiveCfg = Debug|Any CPU
		{BFCC9BBE-1D5F-465D-A241-CBE2ACF51345}.Debug|x86.Build.0 = Debug|Any CPU
		{BFCC9BBE-1D5F-465D-A241-CBE2ACF51345}.Proto|Any CPU.ActiveCfg = Release|Any CPU
		{BFCC9BBE-1D5F-465D-A241-CBE2ACF51345}.Proto|Any CPU.Build.0 = Release|Any CPU
		{BFCC9BBE-1D5F-465D-A241-CBE2ACF51345}.Proto|x86.ActiveCfg = Release|Any CPU
		{BFCC9BBE-1D5F-465D-A241-CBE2ACF51345}.Proto|x86.Build.0 = Release|Any CPU
		{BFCC9BBE-1D5F-465D-A241-CBE2ACF51345}.Release|Any CPU.ActiveCfg = Release|Any CPU
		{BFCC9BBE-1D5F-465D-A241-CBE2ACF51345}.Release|Any CPU.Build.0 = Release|Any CPU
		{BFCC9BBE-1D5F-465D-A241-CBE2ACF51345}.Release|x86.ActiveCfg = Release|Any CPU
		{BFCC9BBE-1D5F-465D-A241-CBE2ACF51345}.Release|x86.Build.0 = Release|Any CPU
	EndGlobalSection
	GlobalSection(SolutionProperties) = preSolution
		HideSolutionNode = FALSE
	EndGlobalSection
EndGlobal
